{
  "requires": true,
  "lockfileVersion": 1,
  "dependencies": {
    "smooth-dnd": {
      "version": "0.12.1",
      "resolved": "https://registry.npmjs.org/smooth-dnd/-/smooth-dnd-0.12.1.tgz",
      "integrity": "sha512-Dndj/MOG7VP83mvzfGCLGzV2HuK1lWachMtWl/Iuk6zV7noDycIBnflwaPuDzoaapEl3Pc4+ybJArkkx9sxPZg=="
    }
  }
}
